
Microsoft Visual Studio Solution File, Format Version 12.00
# Visual Studio 14
VisualStudioVersion = 14.0.25420.1
MinimumVisualStudioVersion = 10.0.40219.1
Project("{FAE04EC0-301F-11D3-BF4B-00C04F79EFBC}") = "Tamarin", "Tamarin.csproj", "{C034FC47-1184-4D74-86CC-074A00E9588C}"
EndProject
Project("{FAE04EC0-301F-11D3-BF4B-00C04F79EFBC}") = "TamarinTests", "..\TamarinTests\TamarinTests.csproj", "{1890FEAF-C179-46C9-9273-F4DD4E6F15CC}"
EndProject
Project("{54435603-DBB4-11D2-8724-00A0C9A8B90C}") = "Setup", "Setup\Setup.vdproj", "{8CBC9E0E-7F1A-4B7F-9F37-1058D0D17C59}"
EndProject
Global
	GlobalSection(SolutionConfigurationPlatforms) = preSolution
		Debug|Any CPU = Debug|Any CPU
		Release|Any CPU = Release|Any CPU
	EndGlobalSection
	GlobalSection(ProjectConfigurationPlatforms) = postSolution
		{C034FC47-1184-4D74-86CC-074A00E9588C}.Debug|Any CPU.ActiveCfg = Debug|Any CPU
		{C034FC47-1184-4D74-86CC-074A00E9588C}.Debug|Any CPU.Build.0 = Debug|Any CPU
		{C034FC47-1184-4D74-86CC-074A00E9588C}.Release|Any CPU.ActiveCfg = Release|Any CPU
		{C034FC47-1184-4D74-86CC-074A00E9588C}.Release|Any CPU.Build.0 = Release|Any CPU
		{1890FEAF-C179-46C9-9273-F4DD4E6F15CC}.Debug|Any CPU.ActiveCfg = Debug|Any CPU
		{1890FEAF-C179-46C9-9273-F4DD4E6F15CC}.Release|Any CPU.ActiveCfg = Release|Any CPU
		{8CBC9E0E-7F1A-4B7F-9F37-1058D0D17C59}.Debug|Any CPU.ActiveCfg = Debug
		{8CBC9E0E-7F1A-4B7F-9F37-1058D0D17C59}.Release|Any CPU.ActiveCfg = Release
	EndGlobalSection
	GlobalSection(SolutionProperties) = preSolution
		HideSolutionNode = FALSE
	EndGlobalSection
EndGlobal
